
Microsoft Visual Studio Solution File, Format Version 12.00
# Visual Studio 15
VisualStudioVersion = 15.0.27004.2008
MinimumVisualStudioVersion = 10.0.40219.1
Project("{FAE04EC0-301F-11D3-BF4B-00C04F79EFBC}") = "Json2Json", "Json2Json\Json2Json.csproj", "{4385C7EA-99D8-4E7B-9BF6-AD1FB8E1DA2B}"
EndProject
Global
	GlobalSection(SolutionConfigurationPlatforms) = preSolution
		Debug|Any CPU = Debug|Any CPU
		Release|Any CPU = Release|Any CPU
	EndGlobalSection
	GlobalSection(ProjectConfigurationPlatforms) = postSolution
		{4385C7EA-99D8-4E7B-9BF6-AD1FB8E1DA2B}.Debug|Any CPU.ActiveCfg = Debug|Any CPU
		{4385C7EA-99D8-4E7B-9BF6-AD1FB8E1DA2B}.Debug|Any CPU.Build.0 = Debug|Any CPU
		{4385C7EA-99D8-4E7B-9BF6-AD1FB8E1DA2B}.Release|Any CPU.ActiveCfg = Release|Any CPU
		{4385C7EA-99D8-4E7B-9BF6-AD1FB8E1DA2B}.Release|Any CPU.Build.0 = Release|Any CPU
	EndGlobalSection
	GlobalSection(SolutionProperties) = preSolution
		HideSolutionNode = FALSE
	EndGlobalSection
	GlobalSection(ExtensibilityGlobals) = postSolution
		SolutionGuid = {1FB73121-E2DE-4C2A-AE97-0DBAF37827BD}
	EndGlobalSection
EndGlobal
